
Microsoft Visual Studio Solution File, Format Version 12.00
# Visual Studio Version 17
VisualStudioVersion = 17.5.33424.131
MinimumVisualStudioVersion = 10.0.40219.1
Project("{888888A0-9F3D-457C-B088-3A5042F75D52}") = "u14z1", "u14z1\u14z1.pyproj", "{A0F390D2-FDFF-4F1B-929E-04A96E291FB0}"
EndProject
Global
	GlobalSection(SolutionConfigurationPlatforms) = preSolution
		Debug|Any CPU = Debug|Any CPU
		Release|Any CPU = Release|Any CPU
	EndGlobalSection
	GlobalSection(ProjectConfigurationPlatforms) = postSolution
		{A0F390D2-FDFF-4F1B-929E-04A96E291FB0}.Debug|Any CPU.ActiveCfg = Debug|Any CPU
		{A0F390D2-FDFF-4F1B-929E-04A96E291FB0}.Release|Any CPU.ActiveCfg = Release|Any CPU
	EndGlobalSection
	GlobalSection(SolutionProperties) = preSolution
		HideSolutionNode = FALSE
	EndGlobalSection
	GlobalSection(ExtensibilityGlobals) = postSolution
		SolutionGuid = {B6A4F5A9-9B7D-4229-9A10-610D7EB0583E}
	EndGlobalSection
EndGlobal
